# THIS IS AN AUTOGENERATED FILE. DO NOT EDIT THIS FILE DIRECTLY.
# yarn lockfile v1


"@esbuild/aix-ppc64@0.21.5":
  version "0.21.5"
  resolved "https://registry.yarnpkg.com/@esbuild/aix-ppc64/-/aix-ppc64-0.21.5.tgz#c7184a326533fcdf1b8ee0733e21c713b975575f"
  integrity sha512-1SDgH6ZSPTlggy1yI6+Dbkiz8xzpHJEVAlF/AM1tHPLsf5STom9rwtjE4hKAF20FfXXNTFqEYXyJNWh1GiZedQ==

"@esbuild/android-arm64@0.21.5":
  version "0.21.5"
  resolved "https://registry.yarnpkg.com/@esbuild/android-arm64/-/android-arm64-0.21.5.tgz#09d9b4357780da9ea3a7dfb833a1f1ff439b4052"
  integrity sha512-c0uX9VAUBQ7dTDCjq+wdyGLowMdtR/GoC2U5IYk/7D1H1JYC0qseD7+11iMP2mRLN9RcCMRcjC4YMclCzGwS/A==

"@esbuild/android-arm@0.21.5":
  version "0.21.5"
  resolved "https://registry.yarnpkg.com/@esbuild/android-arm/-/android-arm-0.21.5.tgz#9b04384fb771926dfa6d7ad04324ecb2ab9b2e28"
  integrity sha512-vCPvzSjpPHEi1siZdlvAlsPxXl7WbOVUBBAowWug4rJHb68Ox8KualB+1ocNvT5fjv6wpkX6o/iEpbDrf68zcg==

"@esbuild/android-x64@0.21.5":
  version "0.21.5"
  resolved "https://registry.yarnpkg.com/@esbuild/android-x64/-/android-x64-0.21.5.tgz#29918ec2db754cedcb6c1b04de8cd6547af6461e"
  integrity sha512-D7aPRUUNHRBwHxzxRvp856rjUHRFW1SdQATKXH2hqA0kAZb1hKmi02OpYRacl0TxIGz/ZmXWlbZgjwWYaCakTA==

"@esbuild/darwin-arm64@0.21.5":
  version "0.21.5"
  resolved "https://registry.yarnpkg.com/@esbuild/darwin-arm64/-/darwin-arm64-0.21.5.tgz#e495b539660e51690f3928af50a76fb0a6ccff2a"
  integrity sha512-DwqXqZyuk5AiWWf3UfLiRDJ5EDd49zg6O9wclZ7kUMv2WRFr4HKjXp/5t8JZ11QbQfUS6/cRCKGwYhtNAY88kQ==

"@esbuild/darwin-x64@0.21.5":
  version "0.21.5"
  resolved "https://registry.yarnpkg.com/@esbuild/darwin-x64/-/darwin-x64-0.21.5.tgz#c13838fa57372839abdddc91d71542ceea2e1e22"
  integrity sha512-se/JjF8NlmKVG4kNIuyWMV/22ZaerB+qaSi5MdrXtd6R08kvs2qCN4C09miupktDitvh8jRFflwGFBQcxZRjbw==

"@esbuild/freebsd-arm64@0.21.5":
  version "0.21.5"
  resolved "https://registry.yarnpkg.com/@esbuild/freebsd-arm64/-/freebsd-arm64-0.21.5.tgz#646b989aa20bf89fd071dd5dbfad69a3542e550e"
  integrity sha512-5JcRxxRDUJLX8JXp/wcBCy3pENnCgBR9bN6JsY4OmhfUtIHe3ZW0mawA7+RDAcMLrMIZaf03NlQiX9DGyB8h4g==

"@esbuild/freebsd-x64@0.21.5":
  version "0.21.5"
  resolved "https://registry.yarnpkg.com/@esbuild/freebsd-x64/-/freebsd-x64-0.21.5.tgz#aa615cfc80af954d3458906e38ca22c18cf5c261"
  integrity sha512-J95kNBj1zkbMXtHVH29bBriQygMXqoVQOQYA+ISs0/2l3T9/kj42ow2mpqerRBxDJnmkUDCaQT/dfNXWX/ZZCQ==

"@esbuild/linux-arm64@0.21.5":
  version "0.21.5"
  resolved "https://registry.yarnpkg.com/@esbuild/linux-arm64/-/linux-arm64-0.21.5.tgz#70ac6fa14f5cb7e1f7f887bcffb680ad09922b5b"
  integrity sha512-ibKvmyYzKsBeX8d8I7MH/TMfWDXBF3db4qM6sy+7re0YXya+K1cem3on9XgdT2EQGMu4hQyZhan7TeQ8XkGp4Q==

"@esbuild/linux-arm@0.21.5":
  version "0.21.5"
  resolved "https://registry.yarnpkg.com/@esbuild/linux-arm/-/linux-arm-0.21.5.tgz#fc6fd11a8aca56c1f6f3894f2bea0479f8f626b9"
  integrity sha512-bPb5AHZtbeNGjCKVZ9UGqGwo8EUu4cLq68E95A53KlxAPRmUyYv2D6F0uUI65XisGOL1hBP5mTronbgo+0bFcA==

"@esbuild/linux-ia32@0.21.5":
  version "0.21.5"
  resolved "https://registry.yarnpkg.com/@esbuild/linux-ia32/-/linux-ia32-0.21.5.tgz#3271f53b3f93e3d093d518d1649d6d68d346ede2"
  integrity sha512-YvjXDqLRqPDl2dvRODYmmhz4rPeVKYvppfGYKSNGdyZkA01046pLWyRKKI3ax8fbJoK5QbxblURkwK/MWY18Tg==

"@esbuild/linux-loong64@0.21.5":
  version "0.21.5"
  resolved "https://registry.yarnpkg.com/@esbuild/linux-loong64/-/linux-loong64-0.21.5.tgz#ed62e04238c57026aea831c5a130b73c0f9f26df"
  integrity sha512-uHf1BmMG8qEvzdrzAqg2SIG/02+4/DHB6a9Kbya0XDvwDEKCoC8ZRWI5JJvNdUjtciBGFQ5PuBlpEOXQj+JQSg==

"@esbuild/linux-mips64el@0.21.5":
  version "0.21.5"
  resolved "https://registry.yarnpkg.com/@esbuild/linux-mips64el/-/linux-mips64el-0.21.5.tgz#e79b8eb48bf3b106fadec1ac8240fb97b4e64cbe"
  integrity sha512-IajOmO+KJK23bj52dFSNCMsz1QP1DqM6cwLUv3W1QwyxkyIWecfafnI555fvSGqEKwjMXVLokcV5ygHW5b3Jbg==

"@esbuild/linux-ppc64@0.21.5":
  version "0.21.5"
  resolved "https://registry.yarnpkg.com/@esbuild/linux-ppc64/-/linux-ppc64-0.21.5.tgz#5f2203860a143b9919d383ef7573521fb154c3e4"
  integrity sha512-1hHV/Z4OEfMwpLO8rp7CvlhBDnjsC3CttJXIhBi+5Aj5r+MBvy4egg7wCbe//hSsT+RvDAG7s81tAvpL2XAE4w==

"@esbuild/linux-riscv64@0.21.5":
  version "0.21.5"
  resolved "https://registry.yarnpkg.com/@esbuild/linux-riscv64/-/linux-riscv64-0.21.5.tgz#07bcafd99322d5af62f618cb9e6a9b7f4bb825dc"
  integrity sha512-2HdXDMd9GMgTGrPWnJzP2ALSokE/0O5HhTUvWIbD3YdjME8JwvSCnNGBnTThKGEB91OZhzrJ4qIIxk/SBmyDDA==

"@esbuild/linux-s390x@0.21.5":
  version "0.21.5"
  resolved "https://registry.yarnpkg.com/@esbuild/linux-s390x/-/linux-s390x-0.21.5.tgz#b7ccf686751d6a3e44b8627ababc8be3ef62d8de"
  integrity sha512-zus5sxzqBJD3eXxwvjN1yQkRepANgxE9lgOW2qLnmr8ikMTphkjgXu1HR01K4FJg8h1kEEDAqDcZQtbrRnB41A==

"@esbuild/linux-x64@0.21.5":
  version "0.21.5"
  resolved "https://registry.yarnpkg.com/@esbuild/linux-x64/-/linux-x64-0.21.5.tgz#6d8f0c768e070e64309af8004bb94e68ab2bb3b0"
  integrity sha512-1rYdTpyv03iycF1+BhzrzQJCdOuAOtaqHTWJZCWvijKD2N5Xu0TtVC8/+1faWqcP9iBCWOmjmhoH94dH82BxPQ==

"@esbuild/netbsd-x64@0.21.5":
  version "0.21.5"
  resolved "https://registry.yarnpkg.com/@esbuild/netbsd-x64/-/netbsd-x64-0.21.5.tgz#bbe430f60d378ecb88decb219c602667387a6047"
  integrity sha512-Woi2MXzXjMULccIwMnLciyZH4nCIMpWQAs049KEeMvOcNADVxo0UBIQPfSmxB3CWKedngg7sWZdLvLczpe0tLg==

"@esbuild/openbsd-x64@0.21.5":
  version "0.21.5"
  resolved "https://registry.yarnpkg.com/@esbuild/openbsd-x64/-/openbsd-x64-0.21.5.tgz#99d1cf2937279560d2104821f5ccce220cb2af70"
  integrity sha512-HLNNw99xsvx12lFBUwoT8EVCsSvRNDVxNpjZ7bPn947b8gJPzeHWyNVhFsaerc0n3TsbOINvRP2byTZ5LKezow==

"@esbuild/sunos-x64@0.21.5":
  version "0.21.5"
  resolved "https://registry.yarnpkg.com/@esbuild/sunos-x64/-/sunos-x64-0.21.5.tgz#08741512c10d529566baba837b4fe052c8f3487b"
  integrity sha512-6+gjmFpfy0BHU5Tpptkuh8+uw3mnrvgs+dSPQXQOv3ekbordwnzTVEb4qnIvQcYXq6gzkyTnoZ9dZG+D4garKg==

"@esbuild/win32-arm64@0.21.5":
  version "0.21.5"
  resolved "https://registry.yarnpkg.com/@esbuild/win32-arm64/-/win32-arm64-0.21.5.tgz#675b7385398411240735016144ab2e99a60fc75d"
  integrity sha512-Z0gOTd75VvXqyq7nsl93zwahcTROgqvuAcYDUr+vOv8uHhNSKROyU961kgtCD1e95IqPKSQKH7tBTslnS3tA8A==

"@esbuild/win32-ia32@0.21.5":
  version "0.21.5"
  resolved "https://registry.yarnpkg.com/@esbuild/win32-ia32/-/win32-ia32-0.21.5.tgz#1bfc3ce98aa6ca9a0969e4d2af72144c59c1193b"
  integrity sha512-SWXFF1CL2RVNMaVs+BBClwtfZSvDgtL//G/smwAc5oVK/UPu2Gu9tIaRgFmYFFKrmg3SyAjSrElf0TiJ1v8fYA==

"@esbuild/win32-x64@0.21.5":
  version "0.21.5"
  resolved "https://registry.yarnpkg.com/@esbuild/win32-x64/-/win32-x64-0.21.5.tgz#acad351d582d157bb145535db2a6ff53dd514b5c"
  integrity sha512-tQd/1efJuzPC6rCFwEvLtci/xNFcTZknmXs98FYDfGE4wP9ClFV98nyKrzJKVPMhdDnjzLhdUyMX4PsQAPjwIw==

"@rollup/plugin-virtual@^3.0.2":
  version "3.0.2"
  resolved "https://registry.yarnpkg.com/@rollup/plugin-virtual/-/plugin-virtual-3.0.2.tgz#17e17eeecb4c9fa1c0a6e72c9e5f66382fddbb82"
  integrity sha512-10monEYsBp3scM4/ND4LNH5Rxvh3e/cVeL3jWTgZ2SrQ+BmUoQcopVQvnaMcOnykb1VkxUFuDAN+0FnpTFRy2A==

"@rollup/rollup-android-arm-eabi@4.34.0":
  version "4.34.0"
  resolved "https://registry.yarnpkg.com/@rollup/rollup-android-arm-eabi/-/rollup-android-arm-eabi-4.34.0.tgz#b3eb2caca0d67d89f1797fe732938cfa79c690be"
  integrity sha512-Eeao7ewDq79jVEsrtWIj5RNqB8p2knlm9fhR6uJ2gqP7UfbLrTrxevudVrEPDM7Wkpn/HpRC2QfazH7MXLz3vQ==

"@rollup/rollup-android-arm64@4.34.0":
  version "4.34.0"
  resolved "https://registry.yarnpkg.com/@rollup/rollup-android-arm64/-/rollup-android-arm64-4.34.0.tgz#667165775809f35ca1eaa872b07ec4b3ab92ea90"
  integrity sha512-yVh0Kf1f0Fq4tWNf6mWcbQBCLDpDrDEl88lzPgKhrgTcDrTtlmun92ywEF9dCjmYO3EFiSuJeeo9cYRxl2FswA==

"@rollup/rollup-darwin-arm64@4.34.0":
  version "4.34.0"
  resolved "https://registry.yarnpkg.com/@rollup/rollup-darwin-arm64/-/rollup-darwin-arm64-4.34.0.tgz#7c6c254d1eb8b9348f8b927166312a5714678483"
  integrity sha512-gCs0ErAZ9s0Osejpc3qahTsqIPUDjSKIyxK/0BGKvL+Tn0n3Kwvj8BrCv7Y5sR1Ypz1K2qz9Ny0VvkVyoXBVUQ==

"@rollup/rollup-darwin-x64@4.34.0":
  version "4.34.0"
  resolved "https://registry.yarnpkg.com/@rollup/rollup-darwin-x64/-/rollup-darwin-x64-4.34.0.tgz#d4462dc79ed6a0f278488b9f2ed9abb401966270"
  integrity sha512-aIB5Anc8hngk15t3GUkiO4pv42ykXHfmpXGS+CzM9CTyiWyT8HIS5ygRAy7KcFb/wiw4Br+vh1byqcHRTfq2tQ==

"@rollup/rollup-freebsd-arm64@4.34.0":
  version "4.34.0"
  resolved "https://registry.yarnpkg.com/@rollup/rollup-freebsd-arm64/-/rollup-freebsd-arm64-4.34.0.tgz#04f4220ee8662749acfa44b34eb05f3bea3ecb11"
  integrity sha512-kpdsUdMlVJMRMaOf/tIvxk8TQdzHhY47imwmASOuMajg/GXpw8GKNd8LNwIHE5Yd1onehNpcUB9jHY6wgw9nHQ==

"@rollup/rollup-freebsd-x64@4.34.0":
  version "4.34.0"
  resolved "https://registry.yarnpkg.com/@rollup/rollup-freebsd-x64/-/rollup-freebsd-x64-4.34.0.tgz#fe48166f889bee1996a1bfcf44e376d524e6e030"
  integrity sha512-D0RDyHygOBCQiqookcPevrvgEarN0CttBecG4chOeIYCNtlKHmf5oi5kAVpXV7qs0Xh/WO2RnxeicZPtT50V0g==

"@rollup/rollup-linux-arm-gnueabihf@4.34.0":
  version "4.34.0"
  resolved "https://registry.yarnpkg.com/@rollup/rollup-linux-arm-gnueabihf/-/rollup-linux-arm-gnueabihf-4.34.0.tgz#dc04b05503ab0d1b0f646d3f15fef92c1cfb4a17"
  integrity sha512-mCIw8j5LPDXmCOW8mfMZwT6F/Kza03EnSr4wGYEswrEfjTfVsFOxvgYfuRMxTuUF/XmRb9WSMD5GhCWDe2iNrg==

"@rollup/rollup-linux-arm-musleabihf@4.34.0":
  version "4.34.0"
  resolved "https://registry.yarnpkg.com/@rollup/rollup-linux-arm-musleabihf/-/rollup-linux-arm-musleabihf-4.34.0.tgz#de41f94a12b680414a06d438a1e76eaca02cdea2"
  integrity sha512-AwwldAu4aCJPob7zmjuDUMvvuatgs8B/QiVB0KwkUarAcPB3W+ToOT+18TQwY4z09Al7G0BvCcmLRop5zBLTag==

"@rollup/rollup-linux-arm64-gnu@4.34.0":
  version "4.34.0"
  resolved "https://registry.yarnpkg.com/@rollup/rollup-linux-arm64-gnu/-/rollup-linux-arm64-gnu-4.34.0.tgz#ab5720b3d77810a65cdc5d940fa5e1ed4948d62d"
  integrity sha512-e7kDUGVP+xw05pV65ZKb0zulRploU3gTu6qH1qL58PrULDGxULIS0OSDQJLH7WiFnpd3ZKUU4VM3u/Z7Zw+e7Q==

"@rollup/rollup-linux-arm64-musl@4.34.0":
  version "4.34.0"
  resolved "https://registry.yarnpkg.com/@rollup/rollup-linux-arm64-musl/-/rollup-linux-arm64-musl-4.34.0.tgz#eb02c76935ca72332eaf24bef6f9ed0e43cdd9fe"
  integrity sha512-SXYJw3zpwHgaBqTXeAZ31qfW/v50wq4HhNVvKFhRr5MnptRX2Af4KebLWR1wpxGJtLgfS2hEPuALRIY3LPAAcA==

"@rollup/rollup-linux-loongarch64-gnu@4.34.0":
  version "4.34.0"
  resolved "https://registry.yarnpkg.com/@rollup/rollup-linux-loongarch64-gnu/-/rollup-linux-loongarch64-gnu-4.34.0.tgz#160903324cfcf09dc61be9d97e623e326c1a863a"
  integrity sha512-e5XiCinINCI4RdyU3sFyBH4zzz7LiQRvHqDtRe9Dt8o/8hTBaYpdPimayF00eY2qy5j4PaaWK0azRgUench6WQ==

"@rollup/rollup-linux-powerpc64le-gnu@4.34.0":
  version "4.34.0"
  resolved "https://registry.yarnpkg.com/@rollup/rollup-linux-powerpc64le-gnu/-/rollup-linux-powerpc64le-gnu-4.34.0.tgz#393030fdb664326a007300a2b7eabc7a8a6c7609"
  integrity sha512-3SWN3e0bAsm9ToprLFBSro8nJe6YN+5xmB11N4FfNf92wvLye/+Rh5JGQtKOpwLKt6e61R1RBc9g+luLJsc23A==

"@rollup/rollup-linux-riscv64-gnu@4.34.0":
  version "4.34.0"
  resolved "https://registry.yarnpkg.com/@rollup/rollup-linux-riscv64-gnu/-/rollup-linux-riscv64-gnu-4.34.0.tgz#8441dc29c13e2d03a510e59f3e5b1bfab2542071"
  integrity sha512-B1Oqt3GLh7qmhvfnc2WQla4NuHlcxAD5LyueUi5WtMc76ZWY+6qDtQYqnxARx9r+7mDGfamD+8kTJO0pKUJeJA==

"@rollup/rollup-linux-s390x-gnu@4.34.0":
  version "4.34.0"
  resolved "https://registry.yarnpkg.com/@rollup/rollup-linux-s390x-gnu/-/rollup-linux-s390x-gnu-4.34.0.tgz#e227deb812ccf6c077cef1fa4dc3fe39c9489049"
  integrity sha512-UfUCo0h/uj48Jq2lnhX0AOhZPSTAq3Eostas+XZ+GGk22pI+Op1Y6cxQ1JkUuKYu2iU+mXj1QjPrZm9nNWV9rg==

"@rollup/rollup-linux-x64-gnu@4.34.0":
  version "4.34.0"
  resolved "https://registry.yarnpkg.com/@rollup/rollup-linux-x64-gnu/-/rollup-linux-x64-gnu-4.34.0.tgz#5b5163bd4e9c2ff11f8230252962240452e18b4a"
  integrity sha512-chZLTUIPbgcpm+Z7ALmomXW8Zh+wE2icrG+K6nt/HenPLmtwCajhQC5flNSk1Xy5EDMt/QAOz2MhzfOfJOLSiA==

"@rollup/rollup-linux-x64-musl@4.34.0":
  version "4.34.0"
  resolved "https://registry.yarnpkg.com/@rollup/rollup-linux-x64-musl/-/rollup-linux-x64-musl-4.34.0.tgz#516ece775a9e9770d6bd6bdecc7926a0355491c4"
  integrity sha512-jo0UolK70O28BifvEsFD/8r25shFezl0aUk2t0VJzREWHkq19e+pcLu4kX5HiVXNz5qqkD+aAq04Ct8rkxgbyQ==

"@rollup/rollup-win32-arm64-msvc@4.34.0":
  version "4.34.0"
  resolved "https://registry.yarnpkg.com/@rollup/rollup-win32-arm64-msvc/-/rollup-win32-arm64-msvc-4.34.0.tgz#e60db53ff6b3bd00baf13b04f91fddb43740077f"
  integrity sha512-Vmg0NhAap2S54JojJchiu5An54qa6t/oKT7LmDaWggpIcaiL8WcWHEN6OQrfTdL6mQ2GFyH7j2T5/3YPEDOOGA==

"@rollup/rollup-win32-ia32-msvc@4.34.0":
  version "4.34.0"
  resolved "https://registry.yarnpkg.com/@rollup/rollup-win32-ia32-msvc/-/rollup-win32-ia32-msvc-4.34.0.tgz#283b3436a4c8a39e0f11d1d6935560ef37f1b5f8"
  integrity sha512-CV2aqhDDOsABKHKhNcs1SZFryffQf8vK2XrxP6lxC99ELZAdvsDgPklIBfd65R8R+qvOm1SmLaZ/Fdq961+m7A==

"@rollup/rollup-win32-x64-msvc@4.34.0":
  version "4.34.0"
  resolved "https://registry.yarnpkg.com/@rollup/rollup-win32-x64-msvc/-/rollup-win32-x64-msvc-4.34.0.tgz#64c15d791d9b07ced7e89f735b2bd420a41c2e8e"
  integrity sha512-g2ASy1QwHP88y5KWvblUolJz9rN+i4ZOsYzkEwcNfaNooxNUXG+ON6F5xFo0NIItpHqxcdAyls05VXpBnludGw==

"@swc/core-darwin-arm64@1.10.12":
  version "1.10.12"
  resolved "https://registry.yarnpkg.com/@swc/core-darwin-arm64/-/core-darwin-arm64-1.10.12.tgz#ed317cd6aac5a66f529c0cbd8385761e2eccecc6"
  integrity sha512-pOANQegUTAriW7jq3SSMZGM5l89yLVMs48R0F2UG6UZsH04SiViCnDctOGlA/Sa++25C+rL9MGMYM1jDLylBbg==

"@swc/core-darwin-x64@1.10.12":
  version "1.10.12"
  resolved "https://registry.yarnpkg.com/@swc/core-darwin-x64/-/core-darwin-x64-1.10.12.tgz#59e249f40852231232b80f6a4caea2a223e9682e"
  integrity sha512-m4kbpIDDsN1FrwfNQMU+FTrss356xsXvatLbearwR+V0lqOkjLBP0VmRvQfHEg+uy13VPyrT9gj4HLoztlci7w==

"@swc/core-linux-arm-gnueabihf@1.10.12":
  version "1.10.12"
  resolved "https://registry.yarnpkg.com/@swc/core-linux-arm-gnueabihf/-/core-linux-arm-gnueabihf-1.10.12.tgz#5c2066a6ad8b768adc473e300995f909ce96cbbd"
  integrity sha512-OY9LcupgqEu8zVK+rJPes6LDJJwPDmwaShU96beTaxX2K6VrXbpwm5WbPS/8FfQTsmpnuA7dCcMPUKhNgmzTrQ==

"@swc/core-linux-arm64-gnu@1.10.12":
  version "1.10.12"
  resolved "https://registry.yarnpkg.com/@swc/core-linux-arm64-gnu/-/core-linux-arm64-gnu-1.10.12.tgz#7a8e6212617365c41a7b6e015cd2749d222c1ebe"
  integrity sha512-nJD587rO0N4y4VZszz3xzVr7JIiCzSMhEMWnPjuh+xmPxDBz0Qccpr8xCr1cSxpl1uY7ERkqAGlKr6CwoV5kVg==

"@swc/core-linux-arm64-musl@1.10.12":
  version "1.10.12"
  resolved "https://registry.yarnpkg.com/@swc/core-linux-arm64-musl/-/core-linux-arm64-musl-1.10.12.tgz#c939d554ecb32df65b4a784fc586f30c8ae7be0a"
  integrity sha512-oqhSmV+XauSf0C//MoQnVErNUB/5OzmSiUzuazyLsD5pwqKNN+leC3JtRQ/QVzaCpr65jv9bKexT9+I2Tt3xDw==

"@swc/core-linux-x64-gnu@1.10.12":
  version "1.10.12"
  resolved "https://registry.yarnpkg.com/@swc/core-linux-x64-gnu/-/core-linux-x64-gnu-1.10.12.tgz#745bc25de364bbde3b6240ed84d063379dc52c6c"
  integrity sha512-XldSIHyjD7m1Gh+/8rxV3Ok711ENLI420CU2EGEqSe3VSGZ7pHJvJn9ZFbYpWhsLxPqBYMFjp3Qw+J6OXCPXCA==

"@swc/core-linux-x64-musl@1.10.12":
  version "1.10.12"
  resolved "https://registry.yarnpkg.com/@swc/core-linux-x64-musl/-/core-linux-x64-musl-1.10.12.tgz#188855ee612a482eb8c298b2237e0b36962182a7"
  integrity sha512-wvPXzJxzPgTqhyp1UskOx1hRTtdWxlyFD1cGWOxgLsMik0V9xKRgqKnMPv16Nk7L9xl6quQ6DuUHj9ID7L3oVw==

"@swc/core-win32-arm64-msvc@1.10.12":
  version "1.10.12"
  resolved "https://registry.yarnpkg.com/@swc/core-win32-arm64-msvc/-/core-win32-arm64-msvc-1.10.12.tgz#3f8271b8a42ef29b53574705a6cd0427345cc616"
  integrity sha512-TUYzWuu1O7uyIcRfxdm6Wh1u+gNnrW5M1DUgDOGZLsyQzgc2Zjwfh2llLhuAIilvCVg5QiGbJlpibRYJ/8QGsg==

"@swc/core-win32-ia32-msvc@1.10.12":
  version "1.10.12"
  resolved "https://registry.yarnpkg.com/@swc/core-win32-ia32-msvc/-/core-win32-ia32-msvc-1.10.12.tgz#b7f59376870039f6a7ecc5331b4287f0fa82b182"
  integrity sha512-4Qrw+0Xt+Fe2rz4OJ/dEPMeUf/rtuFWWAj/e0vL7J5laUHirzxawLRE5DCJLQTarOiYR6mWnmadt9o3EKzV6Xg==

"@swc/core-win32-x64-msvc@1.10.12":
  version "1.10.12"
  resolved "https://registry.yarnpkg.com/@swc/core-win32-x64-msvc/-/core-win32-x64-msvc-1.10.12.tgz#e053b1efc2bf24b0da1a1fa6a5ea6e1bda36df76"
  integrity sha512-YiloZXLW7rUxJpALwHXaGjVaAEn+ChoblG7/3esque+Y7QCyheoBUJp2DVM1EeVA43jBfZ8tvYF0liWd9Tpz1A==

"@swc/core@^1.7.0":
  version "1.10.12"
  resolved "https://registry.yarnpkg.com/@swc/core/-/core-1.10.12.tgz#6d002050814888ec72a8d439ca7194a4631ce199"
  integrity sha512-+iUL0PYpPm6N9AdV1wvafakvCqFegQus1aoEDxgFsv3/uNVNIyRaupf/v/Zkp5hbep2EzhtoJR0aiJIzDbXWHg==
  dependencies:
    "@swc/counter" "^0.1.3"
    "@swc/types" "^0.1.17"
  optionalDependencies:
    "@swc/core-darwin-arm64" "1.10.12"
    "@swc/core-darwin-x64" "1.10.12"
    "@swc/core-linux-arm-gnueabihf" "1.10.12"
    "@swc/core-linux-arm64-gnu" "1.10.12"
    "@swc/core-linux-arm64-musl" "1.10.12"
    "@swc/core-linux-x64-gnu" "1.10.12"
    "@swc/core-linux-x64-musl" "1.10.12"
    "@swc/core-win32-arm64-msvc" "1.10.12"
    "@swc/core-win32-ia32-msvc" "1.10.12"
    "@swc/core-win32-x64-msvc" "1.10.12"

"@swc/counter@^0.1.3":
  version "0.1.3"
  resolved "https://registry.yarnpkg.com/@swc/counter/-/counter-0.1.3.tgz#cc7463bd02949611c6329596fccd2b0ec782b0e9"
  integrity sha512-e2BR4lsJkkRlKZ/qCHPw9ZaSxc0MVUd7gtbtaB7aMvHeJVYe8sOB8DBZkP2DtISHGSku9sCK6T6cnY0CtXrOCQ==

"@swc/types@^0.1.17":
  version "0.1.17"
  resolved "https://registry.yarnpkg.com/@swc/types/-/types-0.1.17.tgz#bd1d94e73497f27341bf141abdf4c85230d41e7c"
  integrity sha512-V5gRru+aD8YVyCOMAjMpWR1Ui577DD5KSJsHP8RAxopAH22jFz6GZd/qxqjO6MJHQhcsjvjOFXyDhyLQUnMveQ==
  dependencies:
    "@swc/counter" "^0.1.3"

"@types/estree@1.0.6":
  version "1.0.6"
  resolved "https://registry.yarnpkg.com/@types/estree/-/estree-1.0.6.tgz#628effeeae2064a1b4e79f78e81d87b7e5fc7b50"
  integrity sha512-AYnb1nQyY49te+VRAVgmzfcgjYS91mY5P0TKUDCLEM+gNnA+3T6rWITXRLYCpahpqSQbN5cE+gHpnPyXjHWxcw==

esbuild@^0.21.3:
  version "0.21.5"
  resolved "https://registry.yarnpkg.com/esbuild/-/esbuild-0.21.5.tgz#9ca301b120922959b766360d8ac830da0d02997d"
  integrity sha512-mg3OPMV4hXywwpoDxu3Qda5xCKQi+vCTZq8S9J/EpkhB2HzKXq4SNFZE3+NK93JYxc8VMSep+lOUSC/RVKaBqw==
  optionalDependencies:
    "@esbuild/aix-ppc64" "0.21.5"
    "@esbuild/android-arm" "0.21.5"
    "@esbuild/android-arm64" "0.21.5"
    "@esbuild/android-x64" "0.21.5"
    "@esbuild/darwin-arm64" "0.21.5"
    "@esbuild/darwin-x64" "0.21.5"
    "@esbuild/freebsd-arm64" "0.21.5"
    "@esbuild/freebsd-x64" "0.21.5"
    "@esbuild/linux-arm" "0.21.5"
    "@esbuild/linux-arm64" "0.21.5"
    "@esbuild/linux-ia32" "0.21.5"
    "@esbuild/linux-loong64" "0.21.5"
    "@esbuild/linux-mips64el" "0.21.5"
    "@esbuild/linux-ppc64" "0.21.5"
    "@esbuild/linux-riscv64" "0.21.5"
    "@esbuild/linux-s390x" "0.21.5"
    "@esbuild/linux-x64" "0.21.5"
    "@esbuild/netbsd-x64" "0.21.5"
    "@esbuild/openbsd-x64" "0.21.5"
    "@esbuild/sunos-x64" "0.21.5"
    "@esbuild/win32-arm64" "0.21.5"
    "@esbuild/win32-ia32" "0.21.5"
    "@esbuild/win32-x64" "0.21.5"

fsevents@~2.3.2, fsevents@~2.3.3:
  version "2.3.3"
  resolved "https://registry.yarnpkg.com/fsevents/-/fsevents-2.3.3.tgz#cac6407785d03675a2a5e1a5305c697b347d90d6"
  integrity sha512-5xoDfX+fL7faATnagmWPpbFtwh/R77WmMMqqHGS65C3vvB0YHrgF+B1YmZ3441tMj5n63k0212XNoJwzlhffQw==

"mrml-wasm@file:../../pkg":
  version "1.4.12"

nanoid@^3.3.8:
  version "3.3.8"
  resolved "https://registry.yarnpkg.com/nanoid/-/nanoid-3.3.8.tgz#b1be3030bee36aaff18bacb375e5cce521684baf"
  integrity sha512-WNLf5Sd8oZxOm+TzppcYk8gVOgP+l58xNy58D0nbUnOxOWRWvlcCV4kUF7ltmI6PsrLl/BgKEyS4mqsGChFN0w==

picocolors@^1.1.1:
  version "1.1.1"
  resolved "https://registry.yarnpkg.com/picocolors/-/picocolors-1.1.1.tgz#3d321af3eab939b083c8f929a1d12cda81c26b6b"
  integrity sha512-xceH2snhtb5M9liqDsmEw56le376mTZkEX/jEb/RxNFyegNul7eNslCXP9FDj/Lcu0X8KEyMceP2ntpaHrDEVA==

postcss@^8.4.43:
  version "8.5.1"
  resolved "https://registry.yarnpkg.com/postcss/-/postcss-8.5.1.tgz#e2272a1f8a807fafa413218245630b5db10a3214"
  integrity sha512-6oz2beyjc5VMn/KV1pPw8fliQkhBXrVn1Z3TVyqZxU8kZpzEKhBdmCFqI6ZbmGtamQvQGuU1sgPTk8ZrXDD7jQ==
  dependencies:
    nanoid "^3.3.8"
    picocolors "^1.1.1"
    source-map-js "^1.2.1"

rollup@^4.20.0:
  version "4.34.0"
  resolved "https://registry.yarnpkg.com/rollup/-/rollup-4.34.0.tgz#355a2da8f9cf07c2f465163c6608efb26c9cc833"
  integrity sha512-+4C/cgJ9w6sudisA0nZz0+O7lTP9a3CzNLsoDwaRumM8QHwghUsu6tqHXiTmNUp/rqNiM14++7dkzHDyCRs0Jg==
  dependencies:
    "@types/estree" "1.0.6"
  optionalDependencies:
    "@rollup/rollup-android-arm-eabi" "4.34.0"
    "@rollup/rollup-android-arm64" "4.34.0"
    "@rollup/rollup-darwin-arm64" "4.34.0"
    "@rollup/rollup-darwin-x64" "4.34.0"
    "@rollup/rollup-freebsd-arm64" "4.34.0"
    "@rollup/rollup-freebsd-x64" "4.34.0"
    "@rollup/rollup-linux-arm-gnueabihf" "4.34.0"
    "@rollup/rollup-linux-arm-musleabihf" "4.34.0"
    "@rollup/rollup-linux-arm64-gnu" "4.34.0"
    "@rollup/rollup-linux-arm64-musl" "4.34.0"
    "@rollup/rollup-linux-loongarch64-gnu" "4.34.0"
    "@rollup/rollup-linux-powerpc64le-gnu" "4.34.0"
    "@rollup/rollup-linux-riscv64-gnu" "4.34.0"
    "@rollup/rollup-linux-s390x-gnu" "4.34.0"
    "@rollup/rollup-linux-x64-gnu" "4.34.0"
    "@rollup/rollup-linux-x64-musl" "4.34.0"
    "@rollup/rollup-win32-arm64-msvc" "4.34.0"
    "@rollup/rollup-win32-ia32-msvc" "4.34.0"
    "@rollup/rollup-win32-x64-msvc" "4.34.0"
    fsevents "~2.3.2"

source-map-js@^1.2.1:
  version "1.2.1"
  resolved "https://registry.yarnpkg.com/source-map-js/-/source-map-js-1.2.1.tgz#1ce5650fddd87abc099eda37dcff024c2667ae46"
  integrity sha512-UXWMKhLOwVKb728IUtQPXxfYU+usdybtUrK/8uGE8CQMvrhOpwvzDBwj0QhSL7MQc7vIsISBG8VQ8+IDQxpfQA==

uuid@^10.0.0:
  version "10.0.0"
  resolved "https://registry.yarnpkg.com/uuid/-/uuid-10.0.0.tgz#5a95aa454e6e002725c79055fd42aaba30ca6294"
  integrity sha512-8XkAphELsDnEGrDxUOHB3RGvXz6TeuYSGEZBOjtTtPm2lwhGBjLgOzLHB63IUWfBpNucQjND6d3AOudO+H3RWQ==

vite-plugin-top-level-await@^1.4.1:
  version "1.4.4"
  resolved "https://registry.yarnpkg.com/vite-plugin-top-level-await/-/vite-plugin-top-level-await-1.4.4.tgz#4900e06bfb7179de20aaa9b4730d04022a9e259e"
  integrity sha512-QyxQbvcMkgt+kDb12m2P8Ed35Sp6nXP+l8ptGrnHV9zgYDUpraO0CPdlqLSeBqvY2DToR52nutDG7mIHuysdiw==
  dependencies:
    "@rollup/plugin-virtual" "^3.0.2"
    "@swc/core" "^1.7.0"
    uuid "^10.0.0"

vite-plugin-wasm@^3.3.0:
  version "3.4.1"
  resolved "https://registry.yarnpkg.com/vite-plugin-wasm/-/vite-plugin-wasm-3.4.1.tgz#62b546ac7e25cc2a0e7b1331ed5c4ba1dd71b743"
  integrity sha512-ja3nSo2UCkVeitltJGkS3pfQHAanHv/DqGatdI39ja6McgABlpsZ5hVgl6wuR8Qx5etY3T5qgDQhOWzc5RReZA==

vite@^5.0.8:
  version "5.4.14"
  resolved "https://registry.yarnpkg.com/vite/-/vite-5.4.14.tgz#ff8255edb02134df180dcfca1916c37a6abe8408"
  integrity sha512-EK5cY7Q1D8JNhSaPKVK4pwBFvaTmZxEnoKXLG/U9gmdDcihQGNzFlgIvaxezFR4glP1LsuiedwMBqCXH3wZccA==
  dependencies:
    esbuild "^0.21.3"
    postcss "^8.4.43"
    rollup "^4.20.0"
  optionalDependencies:
    fsevents "~2.3.3"
